
Microsoft Visual Studio Solution File, Format Version 12.00
# Visual Studio Version 16
VisualStudioVersion = 16.0.29102.190
MinimumVisualStudioVersion = 10.0.40219.1
Project("{FAE04EC0-301F-11D3-BF4B-00C04F79EFBC}") = "QA_Tools", "QA_Tools.csproj", "{5FF8361C-458A-4AD5-9637-FEA9AB7361ED}"
EndProject
Global
	GlobalSection(SolutionConfigurationPlatforms) = preSolution
		Debug|Any CPU = Debug|Any CPU
		Release|Any CPU = Release|Any CPU
	EndGlobalSection
	GlobalSection(ProjectConfigurationPlatforms) = postSolution
		{5FF8361C-458A-4AD5-9637-FEA9AB7361ED}.Debug|Any CPU.ActiveCfg = Debug|Any CPU
		{5FF8361C-458A-4AD5-9637-FEA9AB7361ED}.Debug|Any CPU.Build.0 = Debug|Any CPU
		{5FF8361C-458A-4AD5-9637-FEA9AB7361ED}.Release|Any CPU.ActiveCfg = Release|Any CPU
		{5FF8361C-458A-4AD5-9637-FEA9AB7361ED}.Release|Any CPU.Build.0 = Release|Any CPU
	EndGlobalSection
	GlobalSection(SolutionProperties) = preSolution
		HideSolutionNode = FALSE
	EndGlobalSection
	GlobalSection(ExtensibilityGlobals) = postSolution
		SolutionGuid = {E3F6DED9-5D71-4493-8126-9789F5F86637}
	EndGlobalSection
EndGlobal
